
Microsoft Visual Studio Solution File, Format Version 12.00
# Visual Studio Version 16
VisualStudioVersion = 16.0.30320.27
MinimumVisualStudioVersion = 10.0.40219.1
Project("{8BC9CEB8-8B4A-11D0-8D11-00A0C91BC942}") = "OneWayLinkedList", "OneWayLinkedList\OneWayLinkedList.vcxproj", "{624E101E-05EC-468B-A041-D450B03AADA5}"
EndProject
Project("{8BC9CEB8-8B4A-11D0-8D11-00A0C91BC942}") = "LinkedListNode", "LinkedListNode\LinkedListNode.vcxproj", "{26F551AE-A79D-4B65-A901-2214DED35BD8}"
EndProject
Project("{8BC9CEB8-8B4A-11D0-8D11-00A0C91BC942}") = "DeleteDuplicationLinkedList", "DeleteDuplicationLinkedList\DeleteDuplicationLinkedList.vcxproj", "{4A7CB6B6-DF66-4815-99ED-945952530639}"
EndProject
Project("{8BC9CEB8-8B4A-11D0-8D11-00A0C91BC942}") = "CountBackLinkedList", "CountBackLinkedList\CountBackLinkedList.vcxproj", "{F519D0DF-1315-4384-9802-354A5FF23234}"
EndProject
Project("{8BC9CEB8-8B4A-11D0-8D11-00A0C91BC942}") = "Practice", "Practice\Practice.vcxproj", "{32E87A9F-2CED-4C11-8C6A-5A4A89D0C82D}"
EndProject
Project("{8BC9CEB8-8B4A-11D0-8D11-00A0C91BC942}") = "DeleteIntermediateNodeLinkedList", "DeleteIntermediateNodeLinkedList\DeleteIntermediateNodeLinkedList.vcxproj", "{D77F746F-9897-4551-ACB9-617E813FBB06}"
EndProject
Project("{8BC9CEB8-8B4A-11D0-8D11-00A0C91BC942}") = "DigitAddUpLinkedList", "DigitAddUpLinkedList\DigitAddUpLinkedList.vcxproj", "{A6026276-8F05-41A5-B470-B1E60B483F21}"
EndProject
Project("{8BC9CEB8-8B4A-11D0-8D11-00A0C91BC942}") = "FindIntersectionLinkedList", "FindIntersectionLinkedList\FindIntersectionLinkedList.vcxproj", "{991C9E7B-FB74-4D73-B968-BB735A916DB1}"
EndProject
Project("{8BC9CEB8-8B4A-11D0-8D11-00A0C91BC942}") = "FindLoopLinkedList", "FindLoopLinkedList\FindLoopLinkedList.vcxproj", "{D8769A43-579E-481D-ADA3-93D7117EBEFC}"
EndProject
Project("{8BC9CEB8-8B4A-11D0-8D11-00A0C91BC942}") = "Stack", "Stack\Stack.vcxproj", "{3E56B8B0-E6B7-4F54-B2D1-E23BBDFAF08C}"
EndProject
Project("{8BC9CEB8-8B4A-11D0-8D11-00A0C91BC942}") = "Queue", "Queue\Queue.vcxproj", "{7118D36B-1532-4060-95BC-2E8CE39D326B}"
EndProject
Project("{8BC9CEB8-8B4A-11D0-8D11-00A0C91BC942}") = "OneQueueUsingTwoStack", "OneQueueUsingTwoStack\OneQueueUsingTwoStack.vcxproj", "{6702B5B1-8C04-48E7-B1FF-414AF32E61B4}"
EndProject
Project("{8BC9CEB8-8B4A-11D0-8D11-00A0C91BC942}") = "BinaryTreeOrder", "BinaryTreeOrder\BinaryTreeOrder.vcxproj", "{80B63074-0539-458E-96A6-24B01AA71400}"
EndProject
Project("{8BC9CEB8-8B4A-11D0-8D11-00A0C91BC942}") = "StackSort", "StackSort\StackSort.vcxproj", "{A857B7C0-7470-4530-A2AB-B6E21BAD2AED}"
EndProject
Project("{8BC9CEB8-8B4A-11D0-8D11-00A0C91BC942}") = "BinarySearchTree", "BinarySearchTree\BinarySearchTree.vcxproj", "{FE70CA6A-5F2A-49FD-931F-50A3D9D2324A}"
EndProject
Project("{8BC9CEB8-8B4A-11D0-8D11-00A0C91BC942}") = "ConvertBinaryTreeToLevelLinkedList", "ConvertBinaryTreeToLevelLinkedList\ConvertBinaryTreeToLevelLinkedList.vcxproj", "{B8D795E7-E077-48F1-97A1-8893F239E4C2}"
EndProject
Project("{8BC9CEB8-8B4A-11D0-8D11-00A0C91BC942}") = "CheckTreeBalance", "CheckTreeBalance\CheckTreeBalance.vcxproj", "{C25ED235-7B91-4F99-8027-3545BD1C9868}"
EndProject
Project("{8BC9CEB8-8B4A-11D0-8D11-00A0C91BC942}") = "CheckBinaryTree", "CheckBinaryTree\CheckBinaryTree.vcxproj", "{05DEB943-31D0-45CB-A5E7-D08767604517}"
EndProject
Project("{8BC9CEB8-8B4A-11D0-8D11-00A0C91BC942}") = "FindNextNodeInBinarySearchTree", "FindNextNodeInBinarySearchTree\FindNextNodeInBinarySearchTree.vcxproj", "{9E77C867-5A9E-43C0-8FC4-F3A5DDC7A48E}"
EndProject
Project("{8BC9CEB8-8B4A-11D0-8D11-00A0C91BC942}") = "FindDependencyDataSpecifiedInGraph", "FindDependencyDataSpecifiedInGraph\FindDependencyDataSpecifiedInGraph.vcxproj", "{C97DA008-513B-4F05-9080-494C583463B2}"
EndProject
Project("{8BC9CEB8-8B4A-11D0-8D11-00A0C91BC942}") = "GraphSearch", "GraphSearch\GraphSearch.vcxproj", "{C1F3B34B-F2F0-43B0-A41E-687B58588AE6}"
EndProject
Project("{8BC9CEB8-8B4A-11D0-8D11-00A0C91BC942}") = "FindPathOfTwoPointsInGraph", "FindPathOfTwoPointsInGraph\FindPathOfTwoPointsInGraph.vcxproj", "{2DE45259-EEE5-4AFE-8403-C16A33967E25}"
EndProject
Project("{8BC9CEB8-8B4A-11D0-8D11-00A0C91BC942}") = "FindParentNodeOfTwoNodesInTree", "FindParentNodeOfTwoNodesInTree\FindParentNodeOfTwoNodesInTree.vcxproj", "{A97717CE-D5E7-4E53-A03F-87F3AEDC1B2E}"
EndProject
Project("{8BC9CEB8-8B4A-11D0-8D11-00A0C91BC942}") = "ArrayList", "ArrayList\ArrayList.vcxproj", "{6C3EF4AF-0206-4FC8-8A7C-5E64D58C96C4}"
EndProject
Project("{8BC9CEB8-8B4A-11D0-8D11-00A0C91BC942}") = "FindAllArrayMakingBinarySearchTree", "FindAllArrayMakingBinarySearchTree\FindAllArrayMakingBinarySearchTree.vcxproj", "{CA8042A0-6211-40CA-8C12-6C4CF148A432}"
EndProject
Global
	GlobalSection(SolutionConfigurationPlatforms) = preSolution
		Debug|x64 = Debug|x64
		Debug|x86 = Debug|x86
		Release|x64 = Release|x64
		Release|x86 = Release|x86
	EndGlobalSection
	GlobalSection(ProjectConfigurationPlatforms) = postSolution
		{624E101E-05EC-468B-A041-D450B03AADA5}.Debug|x64.ActiveCfg = Debug|x64
		{624E101E-05EC-468B-A041-D450B03AADA5}.Debug|x64.Build.0 = Debug|x64
		{624E101E-05EC-468B-A041-D450B03AADA5}.Debug|x86.ActiveCfg = Debug|Win32
		{624E101E-05EC-468B-A041-D450B03AADA5}.Debug|x86.Build.0 = Debug|Win32
		{624E101E-05EC-468B-A041-D450B03AADA5}.Release|x64.ActiveCfg = Release|x64
		{624E101E-05EC-468B-A041-D450B03AADA5}.Release|x64.Build.0 = Release|x64
		{624E101E-05EC-468B-A041-D450B03AADA5}.Release|x86.ActiveCfg = Release|Win32
		{624E101E-05EC-468B-A041-D450B03AADA5}.Release|x86.Build.0 = Release|Win32
		{26F551AE-A79D-4B65-A901-2214DED35BD8}.Debug|x64.ActiveCfg = Debug|x64
		{26F551AE-A79D-4B65-A901-2214DED35BD8}.Debug|x64.Build.0 = Debug|x64
		{26F551AE-A79D-4B65-A901-2214DED35BD8}.Debug|x86.ActiveCfg = Debug|Win32
		{26F551AE-A79D-4B65-A901-2214DED35BD8}.Debug|x86.Build.0 = Debug|Win32
		{26F551AE-A79D-4B65-A901-2214DED35BD8}.Release|x64.ActiveCfg = Release|x64
		{26F551AE-A79D-4B65-A901-2214DED35BD8}.Release|x64.Build.0 = Release|x64
		{26F551AE-A79D-4B65-A901-2214DED35BD8}.Release|x86.ActiveCfg = Release|Win32
		{26F551AE-A79D-4B65-A901-2214DED35BD8}.Release|x86.Build.0 = Release|Win32
		{4A7CB6B6-DF66-4815-99ED-945952530639}.Debug|x64.ActiveCfg = Debug|x64
		{4A7CB6B6-DF66-4815-99ED-945952530639}.Debug|x64.Build.0 = Debug|x64
		{4A7CB6B6-DF66-4815-99ED-945952530639}.Debug|x86.ActiveCfg = Debug|Win32
		{4A7CB6B6-DF66-4815-99ED-945952530639}.Debug|x86.Build.0 = Debug|Win32
		{4A7CB6B6-DF66-4815-99ED-945952530639}.Release|x64.ActiveCfg = Release|x64
		{4A7CB6B6-DF66-4815-99ED-945952530639}.Release|x64.Build.0 = Release|x64
		{4A7CB6B6-DF66-4815-99ED-945952530639}.Release|x86.ActiveCfg = Release|Win32
		{4A7CB6B6-DF66-4815-99ED-945952530639}.Release|x86.Build.0 = Release|Win32
		{F519D0DF-1315-4384-9802-354A5FF23234}.Debug|x64.ActiveCfg = Debug|x64
		{F519D0DF-1315-4384-9802-354A5FF23234}.Debug|x64.Build.0 = Debug|x64
		{F519D0DF-1315-4384-9802-354A5FF23234}.Debug|x86.ActiveCfg = Debug|Win32
		{F519D0DF-1315-4384-9802-354A5FF23234}.Debug|x86.Build.0 = Debug|Win32
		{F519D0DF-1315-4384-9802-354A5FF23234}.Release|x64.ActiveCfg = Release|x64
		{F519D0DF-1315-4384-9802-354A5FF23234}.Release|x64.Build.0 = Release|x64
		{F519D0DF-1315-4384-9802-354A5FF23234}.Release|x86.ActiveCfg = Release|Win32
		{F519D0DF-1315-4384-9802-354A5FF23234}.Release|x86.Build.0 = Release|Win32
		{32E87A9F-2CED-4C11-8C6A-5A4A89D0C82D}.Debug|x64.ActiveCfg = Debug|x64
		{32E87A9F-2CED-4C11-8C6A-5A4A89D0C82D}.Debug|x64.Build.0 = Debug|x64
		{32E87A9F-2CED-4C11-8C6A-5A4A89D0C82D}.Debug|x86.ActiveCfg = Debug|Win32
		{32E87A9F-2CED-4C11-8C6A-5A4A89D0C82D}.Debug|x86.Build.0 = Debug|Win32
		{32E87A9F-2CED-4C11-8C6A-5A4A89D0C82D}.Release|x64.ActiveCfg = Release|x64
		{32E87A9F-2CED-4C11-8C6A-5A4A89D0C82D}.Release|x64.Build.0 = Release|x64
		{32E87A9F-2CED-4C11-8C6A-5A4A89D0C82D}.Release|x86.ActiveCfg = Release|Win32
		{32E87A9F-2CED-4C11-8C6A-5A4A89D0C82D}.Release|x86.Build.0 = Release|Win32
		{D77F746F-9897-4551-ACB9-617E813FBB06}.Debug|x64.ActiveCfg = Debug|x64
		{D77F746F-9897-4551-ACB9-617E813FBB06}.Debug|x64.Build.0 = Debug|x64
		{D77F746F-9897-4551-ACB9-617E813FBB06}.Debug|x86.ActiveCfg = Debug|Win32
		{D77F746F-9897-4551-ACB9-617E813FBB06}.Debug|x86.Build.0 = Debug|Win32
		{D77F746F-9897-4551-ACB9-617E813FBB06}.Release|x64.ActiveCfg = Release|x64
		{D77F746F-9897-4551-ACB9-617E813FBB06}.Release|x64.Build.0 = Release|x64
		{D77F746F-9897-4551-ACB9-617E813FBB06}.Release|x86.ActiveCfg = Release|Win32
		{D77F746F-9897-4551-ACB9-617E813FBB06}.Release|x86.Build.0 = Release|Win32
		{A6026276-8F05-41A5-B470-B1E60B483F21}.Debug|x64.ActiveCfg = Debug|x64
		{A6026276-8F05-41A5-B470-B1E60B483F21}.Debug|x64.Build.0 = Debug|x64
		{A6026276-8F05-41A5-B470-B1E60B483F21}.Debug|x86.ActiveCfg = Debug|Win32
		{A6026276-8F05-41A5-B470-B1E60B483F21}.Debug|x86.Build.0 = Debug|Win32
		{A6026276-8F05-41A5-B470-B1E60B483F21}.Release|x64.ActiveCfg = Release|x64
		{A6026276-8F05-41A5-B470-B1E60B483F21}.Release|x64.Build.0 = Release|x64
		{A6026276-8F05-41A5-B470-B1E60B483F21}.Release|x86.ActiveCfg = Release|Win32
		{A6026276-8F05-41A5-B470-B1E60B483F21}.Release|x86.Build.0 = Release|Win32
		{991C9E7B-FB74-4D73-B968-BB735A916DB1}.Debug|x64.ActiveCfg = Debug|x64
		{991C9E7B-FB74-4D73-B968-BB735A916DB1}.Debug|x64.Build.0 = Debug|x64
		{991C9E7B-FB74-4D73-B968-BB735A916DB1}.Debug|x86.ActiveCfg = Debug|Win32
		{991C9E7B-FB74-4D73-B968-BB735A916DB1}.Debug|x86.Build.0 = Debug|Win32
		{991C9E7B-FB74-4D73-B968-BB735A916DB1}.Release|x64.ActiveCfg = Release|x64
		{991C9E7B-FB74-4D73-B968-BB735A916DB1}.Release|x64.Build.0 = Release|x64
		{991C9E7B-FB74-4D73-B968-BB735A916DB1}.Release|x86.ActiveCfg = Release|Win32
		{991C9E7B-FB74-4D73-B968-BB735A916DB1}.Release|x86.Build.0 = Release|Win32
		{D8769A43-579E-481D-ADA3-93D7117EBEFC}.Debug|x64.ActiveCfg = Debug|x64
		{D8769A43-579E-481D-ADA3-93D7117EBEFC}.Debug|x64.Build.0 = Debug|x64
		{D8769A43-579E-481D-ADA3-93D7117EBEFC}.Debug|x86.ActiveCfg = Debug|Win32
		{D8769A43-579E-481D-ADA3-93D7117EBEFC}.Debug|x86.Build.0 = Debug|Win32
		{D8769A43-579E-481D-ADA3-93D7117EBEFC}.Release|x64.ActiveCfg = Release|x64
		{D8769A43-579E-481D-ADA3-93D7117EBEFC}.Release|x64.Build.0 = Release|x64
		{D8769A43-579E-481D-ADA3-93D7117EBEFC}.Release|x86.ActiveCfg = Release|Win32
		{D8769A43-579E-481D-ADA3-93D7117EBEFC}.Release|x86.Build.0 = Release|Win32
		{3E56B8B0-E6B7-4F54-B2D1-E23BBDFAF08C}.Debug|x64.ActiveCfg = Debug|x64
		{3E56B8B0-E6B7-4F54-B2D1-E23BBDFAF08C}.Debug|x64.Build.0 = Debug|x64
		{3E56B8B0-E6B7-4F54-B2D1-E23BBDFAF08C}.Debug|x86.ActiveCfg = Debug|Win32
		{3E56B8B0-E6B7-4F54-B2D1-E23BBDFAF08C}.Debug|x86.Build.0 = Debug|Win32
		{3E56B8B0-E6B7-4F54-B2D1-E23BBDFAF08C}.Release|x64.ActiveCfg = Release|x64
		{3E56B8B0-E6B7-4F54-B2D1-E23BBDFAF08C}.Release|x64.Build.0 = Release|x64
		{3E56B8B0-E6B7-4F54-B2D1-E23BBDFAF08C}.Release|x86.ActiveCfg = Release|Win32
		{3E56B8B0-E6B7-4F54-B2D1-E23BBDFAF08C}.Release|x86.Build.0 = Release|Win32
		{7118D36B-1532-4060-95BC-2E8CE39D326B}.Debug|x64.ActiveCfg = Debug|x64
		{7118D36B-1532-4060-95BC-2E8CE39D326B}.Debug|x64.Build.0 = Debug|x64
		{7118D36B-1532-4060-95BC-2E8CE39D326B}.Debug|x86.ActiveCfg = Debug|Win32
		{7118D36B-1532-4060-95BC-2E8CE39D326B}.Debug|x86.Build.0 = Debug|Win32
		{7118D36B-1532-4060-95BC-2E8CE39D326B}.Release|x64.ActiveCfg = Release|x64
		{7118D36B-1532-4060-95BC-2E8CE39D326B}.Release|x64.Build.0 = Release|x64
		{7118D36B-1532-4060-95BC-2E8CE39D326B}.Release|x86.ActiveCfg = Release|Win32
		{7118D36B-1532-4060-95BC-2E8CE39D326B}.Release|x86.Build.0 = Release|Win32
		{6702B5B1-8C04-48E7-B1FF-414AF32E61B4}.Debug|x64.ActiveCfg = Debug|x64
		{6702B5B1-8C04-48E7-B1FF-414AF32E61B4}.Debug|x64.Build.0 = Debug|x64
		{6702B5B1-8C04-48E7-B1FF-414AF32E61B4}.Debug|x86.ActiveCfg = Debug|Win32
		{6702B5B1-8C04-48E7-B1FF-414AF32E61B4}.Debug|x86.Build.0 = Debug|Win32
		{6702B5B1-8C04-48E7-B1FF-414AF32E61B4}.Release|x64.ActiveCfg = Release|x64
		{6702B5B1-8C04-48E7-B1FF-414AF32E61B4}.Release|x64.Build.0 = Release|x64
		{6702B5B1-8C04-48E7-B1FF-414AF32E61B4}.Release|x86.ActiveCfg = Release|Win32
		{6702B5B1-8C04-48E7-B1FF-414AF32E61B4}.Release|x86.Build.0 = Release|Win32
		{80B63074-0539-458E-96A6-24B01AA71400}.Debug|x64.ActiveCfg = Debug|x64
		{80B63074-0539-458E-96A6-24B01AA71400}.Debug|x64.Build.0 = Debug|x64
		{80B63074-0539-458E-96A6-24B01AA71400}.Debug|x86.ActiveCfg = Debug|Win32
		{80B63074-0539-458E-96A6-24B01AA71400}.Debug|x86.Build.0 = Debug|Win32
		{80B63074-0539-458E-96A6-24B01AA71400}.Release|x64.ActiveCfg = Release|x64
		{80B63074-0539-458E-96A6-24B01AA71400}.Release|x64.Build.0 = Release|x64
		{80B63074-0539-458E-96A6-24B01AA71400}.Release|x86.ActiveCfg = Release|Win32
		{80B63074-0539-458E-96A6-24B01AA71400}.Release|x86.Build.0 = Release|Win32
		{A857B7C0-7470-4530-A2AB-B6E21BAD2AED}.Debug|x64.ActiveCfg = Debug|x64
		{A857B7C0-7470-4530-A2AB-B6E21BAD2AED}.Debug|x64.Build.0 = Debug|x64
		{A857B7C0-7470-4530-A2AB-B6E21BAD2AED}.Debug|x86.ActiveCfg = Debug|Win32
		{A857B7C0-7470-4530-A2AB-B6E21BAD2AED}.Debug|x86.Build.0 = Debug|Win32
		{A857B7C0-7470-4530-A2AB-B6E21BAD2AED}.Release|x64.ActiveCfg = Release|x64
		{A857B7C0-7470-4530-A2AB-B6E21BAD2AED}.Release|x64.Build.0 = Release|x64
		{A857B7C0-7470-4530-A2AB-B6E21BAD2AED}.Release|x86.ActiveCfg = Release|Win32
		{A857B7C0-7470-4530-A2AB-B6E21BAD2AED}.Release|x86.Build.0 = Release|Win32
		{FE70CA6A-5F2A-49FD-931F-50A3D9D2324A}.Debug|x64.ActiveCfg = Debug|x64
		{FE70CA6A-5F2A-49FD-931F-50A3D9D2324A}.Debug|x64.Build.0 = Debug|x64
		{FE70CA6A-5F2A-49FD-931F-50A3D9D2324A}.Debug|x86.ActiveCfg = Debug|Win32
		{FE70CA6A-5F2A-49FD-931F-50A3D9D2324A}.Debug|x86.Build.0 = Debug|Win32
		{FE70CA6A-5F2A-49FD-931F-50A3D9D2324A}.Release|x64.ActiveCfg = Release|x64
		{FE70CA6A-5F2A-49FD-931F-50A3D9D2324A}.Release|x64.Build.0 = Release|x64
		{FE70CA6A-5F2A-49FD-931F-50A3D9D2324A}.Release|x86.ActiveCfg = Release|Win32
		{FE70CA6A-5F2A-49FD-931F-50A3D9D2324A}.Release|x86.Build.0 = Release|Win32
		{B8D795E7-E077-48F1-97A1-8893F239E4C2}.Debug|x64.ActiveCfg = Debug|x64
		{B8D795E7-E077-48F1-97A1-8893F239E4C2}.Debug|x64.Build.0 = Debug|x64
		{B8D795E7-E077-48F1-97A1-8893F239E4C2}.Debug|x86.ActiveCfg = Debug|Win32
		{B8D795E7-E077-48F1-97A1-8893F239E4C2}.Debug|x86.Build.0 = Debug|Win32
		{B8D795E7-E077-48F1-97A1-8893F239E4C2}.Release|x64.ActiveCfg = Release|x64
		{B8D795E7-E077-48F1-97A1-8893F239E4C2}.Release|x64.Build.0 = Release|x64
		{B8D795E7-E077-48F1-97A1-8893F239E4C2}.Release|x86.ActiveCfg = Release|Win32
		{B8D795E7-E077-48F1-97A1-8893F239E4C2}.Release|x86.Build.0 = Release|Win32
		{C25ED235-7B91-4F99-8027-3545BD1C9868}.Debug|x64.ActiveCfg = Debug|x64
		{C25ED235-7B91-4F99-8027-3545BD1C9868}.Debug|x64.Build.0 = Debug|x64
		{C25ED235-7B91-4F99-8027-3545BD1C9868}.Debug|x86.ActiveCfg = Debug|Win32
		{C25ED235-7B91-4F99-8027-3545BD1C9868}.Debug|x86.Build.0 = Debug|Win32
		{C25ED235-7B91-4F99-8027-3545BD1C9868}.Release|x64.ActiveCfg = Release|x64
		{C25ED235-7B91-4F99-8027-3545BD1C9868}.Release|x64.Build.0 = Release|x64
		{C25ED235-7B91-4F99-8027-3545BD1C9868}.Release|x86.ActiveCfg = Release|Win32
		{C25ED235-7B91-4F99-8027-3545BD1C9868}.Release|x86.Build.0 = Release|Win32
		{05DEB943-31D0-45CB-A5E7-D08767604517}.Debug|x64.ActiveCfg = Debug|x64
		{05DEB943-31D0-45CB-A5E7-D08767604517}.Debug|x64.Build.0 = Debug|x64
		{05DEB943-31D0-45CB-A5E7-D08767604517}.Debug|x86.ActiveCfg = Debug|Win32
		{05DEB943-31D0-45CB-A5E7-D08767604517}.Debug|x86.Build.0 = Debug|Win32
		{05DEB943-31D0-45CB-A5E7-D08767604517}.Release|x64.ActiveCfg = Release|x64
		{05DEB943-31D0-45CB-A5E7-D08767604517}.Release|x64.Build.0 = Release|x64
		{05DEB943-31D0-45CB-A5E7-D08767604517}.Release|x86.ActiveCfg = Release|Win32
		{05DEB943-31D0-45CB-A5E7-D08767604517}.Release|x86.Build.0 = Release|Win32
		{9E77C867-5A9E-43C0-8FC4-F3A5DDC7A48E}.Debug|x64.ActiveCfg = Debug|x64
		{9E77C867-5A9E-43C0-8FC4-F3A5DDC7A48E}.Debug|x64.Build.0 = Debug|x64
		{9E77C867-5A9E-43C0-8FC4-F3A5DDC7A48E}.Debug|x86.ActiveCfg = Debug|Win32
		{9E77C867-5A9E-43C0-8FC4-F3A5DDC7A48E}.Debug|x86.Build.0 = Debug|Win32
		{9E77C867-5A9E-43C0-8FC4-F3A5DDC7A48E}.Release|x64.ActiveCfg = Release|x64
		{9E77C867-5A9E-43C0-8FC4-F3A5DDC7A48E}.Release|x64.Build.0 = Release|x64
		{9E77C867-5A9E-43C0-8FC4-F3A5DDC7A48E}.Release|x86.ActiveCfg = Release|Win32
		{9E77C867-5A9E-43C0-8FC4-F3A5DDC7A48E}.Release|x86.Build.0 = Release|Win32
		{C97DA008-513B-4F05-9080-494C583463B2}.Debug|x64.ActiveCfg = Debug|x64
		{C97DA008-513B-4F05-9080-494C583463B2}.Debug|x64.Build.0 = Debug|x64
		{C97DA008-513B-4F05-9080-494C583463B2}.Debug|x86.ActiveCfg = Debug|Win32
		{C97DA008-513B-4F05-9080-494C583463B2}.Debug|x86.Build.0 = Debug|Win32
		{C97DA008-513B-4F05-9080-494C583463B2}.Release|x64.ActiveCfg = Release|x64
		{C97DA008-513B-4F05-9080-494C583463B2}.Release|x64.Build.0 = Release|x64
		{C97DA008-513B-4F05-9080-494C583463B2}.Release|x86.ActiveCfg = Release|Win32
		{C97DA008-513B-4F05-9080-494C583463B2}.Release|x86.Build.0 = Release|Win32
		{C1F3B34B-F2F0-43B0-A41E-687B58588AE6}.Debug|x64.ActiveCfg = Debug|x64
		{C1F3B34B-F2F0-43B0-A41E-687B58588AE6}.Debug|x64.Build.0 = Debug|x64
		{C1F3B34B-F2F0-43B0-A41E-687B58588AE6}.Debug|x86.ActiveCfg = Debug|Win32
		{C1F3B34B-F2F0-43B0-A41E-687B58588AE6}.Debug|x86.Build.0 = Debug|Win32
		{C1F3B34B-F2F0-43B0-A41E-687B58588AE6}.Release|x64.ActiveCfg = Release|x64
		{C1F3B34B-F2F0-43B0-A41E-687B58588AE6}.Release|x64.Build.0 = Release|x64
		{C1F3B34B-F2F0-43B0-A41E-687B58588AE6}.Release|x86.ActiveCfg = Release|Win32
		{C1F3B34B-F2F0-43B0-A41E-687B58588AE6}.Release|x86.Build.0 = Release|Win32
		{2DE45259-EEE5-4AFE-8403-C16A33967E25}.Debug|x64.ActiveCfg = Debug|x64
		{2DE45259-EEE5-4AFE-8403-C16A33967E25}.Debug|x64.Build.0 = Debug|x64
		{2DE45259-EEE5-4AFE-8403-C16A33967E25}.Debug|x86.ActiveCfg = Debug|Win32
		{2DE45259-EEE5-4AFE-8403-C16A33967E25}.Debug|x86.Build.0 = Debug|Win32
		{2DE45259-EEE5-4AFE-8403-C16A33967E25}.Release|x64.ActiveCfg = Release|x64
		{2DE45259-EEE5-4AFE-8403-C16A33967E25}.Release|x64.Build.0 = Release|x64
		{2DE45259-EEE5-4AFE-8403-C16A33967E25}.Release|x86.ActiveCfg = Release|Win32
		{2DE45259-EEE5-4AFE-8403-C16A33967E25}.Release|x86.Build.0 = Release|Win32
		{A97717CE-D5E7-4E53-A03F-87F3AEDC1B2E}.Debug|x64.ActiveCfg = Debug|x64
		{A97717CE-D5E7-4E53-A03F-87F3AEDC1B2E}.Debug|x64.Build.0 = Debug|x64
		{A97717CE-D5E7-4E53-A03F-87F3AEDC1B2E}.Debug|x86.ActiveCfg = Debug|Win32
		{A97717CE-D5E7-4E53-A03F-87F3AEDC1B2E}.Debug|x86.Build.0 = Debug|Win32
		{A97717CE-D5E7-4E53-A03F-87F3AEDC1B2E}.Release|x64.ActiveCfg = Release|x64
		{A97717CE-D5E7-4E53-A03F-87F3AEDC1B2E}.Release|x64.Build.0 = Release|x64
		{A97717CE-D5E7-4E53-A03F-87F3AEDC1B2E}.Release|x86.ActiveCfg = Release|Win32
		{A97717CE-D5E7-4E53-A03F-87F3AEDC1B2E}.Release|x86.Build.0 = Release|Win32
		{6C3EF4AF-0206-4FC8-8A7C-5E64D58C96C4}.Debug|x64.ActiveCfg = Debug|x64
		{6C3EF4AF-0206-4FC8-8A7C-5E64D58C96C4}.Debug|x64.Build.0 = Debug|x64
		{6C3EF4AF-0206-4FC8-8A7C-5E64D58C96C4}.Debug|x86.ActiveCfg = Debug|Win32
		{6C3EF4AF-0206-4FC8-8A7C-5E64D58C96C4}.Debug|x86.Build.0 = Debug|Win32
		{6C3EF4AF-0206-4FC8-8A7C-5E64D58C96C4}.Release|x64.ActiveCfg = Release|x64
		{6C3EF4AF-0206-4FC8-8A7C-5E64D58C96C4}.Release|x64.Build.0 = Release|x64
		{6C3EF4AF-0206-4FC8-8A7C-5E64D58C96C4}.Release|x86.ActiveCfg = Release|Win32
		{6C3EF4AF-0206-4FC8-8A7C-5E64D58C96C4}.Release|x86.Build.0 = Release|Win32
		{CA8042A0-6211-40CA-8C12-6C4CF148A432}.Debug|x64.ActiveCfg = Debug|x64
		{CA8042A0-6211-40CA-8C12-6C4CF148A432}.Debug|x64.Build.0 = Debug|x64
		{CA8042A0-6211-40CA-8C12-6C4CF148A432}.Debug|x86.ActiveCfg = Debug|Win32
		{CA8042A0-6211-40CA-8C12-6C4CF148A432}.Debug|x86.Build.0 = Debug|Win32
		{CA8042A0-6211-40CA-8C12-6C4CF148A432}.Release|x64.ActiveCfg = Release|x64
		{CA8042A0-6211-40CA-8C12-6C4CF148A432}.Release|x64.Build.0 = Release|x64
		{CA8042A0-6211-40CA-8C12-6C4CF148A432}.Release|x86.ActiveCfg = Release|Win32
		{CA8042A0-6211-40CA-8C12-6C4CF148A432}.Release|x86.Build.0 = Release|Win32
	EndGlobalSection
	GlobalSection(SolutionProperties) = preSolution
		HideSolutionNode = FALSE
	EndGlobalSection
	GlobalSection(ExtensibilityGlobals) = postSolution
		SolutionGuid = {03318A81-8EA7-4231-9F10-23B32BC6B292}
	EndGlobalSection
EndGlobal
